{
  "name": "app",
  "version": "1.0.0",
  "lockfileVersion": 1,
  "requires": true,
  "dependencies": {
    "minimist": {
      "version": "1.2.0",
      "resolved": "https://registry.npmjs.org/minimist/-/minimist-1.2.0.tgz",
      "integrity": "sha1-o1AIsg9BOD7sH7kU9M1d95omQoQ="
    },
    "node-machine-id": {
      "version": "1.1.10",
      "resolved": "https://registry.npmjs.org/node-machine-id/-/node-machine-id-1.1.10.tgz",
      "integrity": "sha512-6SVxo3Ic2Qc09z1rCJh3No7ubizPLszImsMQnZZWfzeOC6SYU4orN214++c3ikB8uaP/A6dwSlO88A3ohI5oNA=="
    }
  }
}
